
Microsoft Visual Studio Solution File, Format Version 12.00
# Visual Studio Version 17
VisualStudioVersion = 17.7.34031.279
MinimumVisualStudioVersion = 10.0.40219.1
Project("{FAE04EC0-301F-11D3-BF4B-00C04F79EFBC}") = "Veterinaria.Server", "Veterinaria\Server\Veterinaria.Server.csproj", "{ED3E1FA7-00EB-4637-BE78-E53C77D3DBE7}"
EndProject
Project("{FAE04EC0-301F-11D3-BF4B-00C04F79EFBC}") = "Veterinaria.Client", "Veterinaria\Client\Veterinaria.Client.csproj", "{E9C816AF-9A36-43D1-8F8E-EF8F474C5FD7}"
EndProject
Project("{FAE04EC0-301F-11D3-BF4B-00C04F79EFBC}") = "Veterinaria.Shared", "Veterinaria\Shared\Veterinaria.Shared.csproj", "{C6927299-D8EF-45C0-9DD3-5C12FD010E98}"
EndProject
Global
	GlobalSection(SolutionConfigurationPlatforms) = preSolution
		Debug|Any CPU = Debug|Any CPU
		Release|Any CPU = Release|Any CPU
	EndGlobalSection
	GlobalSection(ProjectConfigurationPlatforms) = postSolution
		{ED3E1FA7-00EB-4637-BE78-E53C77D3DBE7}.Debug|Any CPU.ActiveCfg = Debug|Any CPU
		{ED3E1FA7-00EB-4637-BE78-E53C77D3DBE7}.Debug|Any CPU.Build.0 = Debug|Any CPU
		{ED3E1FA7-00EB-4637-BE78-E53C77D3DBE7}.Release|Any CPU.ActiveCfg = Release|Any CPU
		{ED3E1FA7-00EB-4637-BE78-E53C77D3DBE7}.Release|Any CPU.Build.0 = Release|Any CPU
		{E9C816AF-9A36-43D1-8F8E-EF8F474C5FD7}.Debug|Any CPU.ActiveCfg = Debug|Any CPU
		{E9C816AF-9A36-43D1-8F8E-EF8F474C5FD7}.Debug|Any CPU.Build.0 = Debug|Any CPU
		{E9C816AF-9A36-43D1-8F8E-EF8F474C5FD7}.Release|Any CPU.ActiveCfg = Release|Any CPU
		{E9C816AF-9A36-43D1-8F8E-EF8F474C5FD7}.Release|Any CPU.Build.0 = Release|Any CPU
		{C6927299-D8EF-45C0-9DD3-5C12FD010E98}.Debug|Any CPU.ActiveCfg = Debug|Any CPU
		{C6927299-D8EF-45C0-9DD3-5C12FD010E98}.Debug|Any CPU.Build.0 = Debug|Any CPU
		{C6927299-D8EF-45C0-9DD3-5C12FD010E98}.Release|Any CPU.ActiveCfg = Release|Any CPU
		{C6927299-D8EF-45C0-9DD3-5C12FD010E98}.Release|Any CPU.Build.0 = Release|Any CPU
	EndGlobalSection
	GlobalSection(SolutionProperties) = preSolution
		HideSolutionNode = FALSE
	EndGlobalSection
	GlobalSection(ExtensibilityGlobals) = postSolution
		SolutionGuid = {506CF38C-9009-49D9-943B-1B3CA5688A89}
	EndGlobalSection
EndGlobal
